// !$*UTF8*$!
{
	archiveVersion = 1;
	classes = {
	};
	objectVersion = 55;
	objects = {

/* Begin PBXFileReference section */
		52333C1A286F59C600640F28 /* css */ = {isa = PBXFileReference; lastKnownFileType = folder; path = css; sourceTree = "<group>"; };
		52333C1B286F59C600640F28 /* style.css */ = {isa = PBXFileReference; lastKnownFileType = text.css; path = style.css; sourceTree = "<group>"; };
		52333C1C286F59C600640F28 /* js */ = {isa = PBXFileReference; lastKnownFileType = folder; path = js; sourceTree = "<group>"; };
		52333C1D286F59C600640F28 /* fonts */ = {isa = PBXFileReference; lastKnownFileType = folder; path = fonts; sourceTree = "<group>"; };
		52333C1E286F59C600640F28 /* privacy.html */ = {isa = PBXFileReference; lastKnownFileType = text.html; path = privacy.html; sourceTree = "<group>"; };
		52333C1F286F59C600640F28 /* img */ = {isa = PBXFileReference; lastKnownFileType = folder; path = img; sourceTree = "<group>"; };
		52333C20286F59C600640F28 /* favicon.png */ = {isa = PBXFileReference; lastKnownFileType = image.png; path = favicon.png; sourceTree = "<group>"; };
		52333C21286F59C700640F28 /* index.html */ = {isa = PBXFileReference; lastKnownFileType = text.html; path = index.html; sourceTree = "<group>"; };
/* End PBXFileReference section */

/* Begin PBXGroup section */
		52333C13286F49A100640F28 = {
			isa = PBXGroup;
			children = (
				52333C1A286F59C600640F28 /* css */,
				52333C20286F59C600640F28 /* favicon.png */,
				52333C1D286F59C600640F28 /* fonts */,
				52333C1F286F59C600640F28 /* img */,
				52333C21286F59C700640F28 /* index.html */,
				52333C1C286F59C600640F28 /* js */,
				52333C1E286F59C600640F28 /* privacy.html */,
				52333C1B286F59C600640F28 /* style.css */,
			);
			sourceTree = "<group>";
		};
/* End PBXGroup section */

/* Begin PBXProject section */
		52333C14286F49A100640F28 /* Project object */ = {
			isa = PBXProject;
			attributes = {
				BuildIndependentTargetsInParallel = 1;
				LastUpgradeCheck = 1330;
			};
			buildConfigurationList = 52333C17286F49A100640F28 /* Build configuration list for PBXProject "PeriodTrackerSite" */;
			compatibilityVersion = "Xcode 13.0";
			developmentRegion = en;
			hasScannedForEncodings = 0;
			knownRegions = (
				en,
				Base,
			);
			mainGroup = 52333C13286F49A100640F28;
			projectDirPath = "";
			projectRoot = "";
			targets = (
			);
		};
/* End PBXProject section */

/* Begin XCBuildConfiguration section */
		52333C18286F49A100640F28 /* Debug */ = {
			isa = XCBuildConfiguration;
			buildSettings = {
			};
			name = Debug;
		};
		52333C19286F49A100640F28 /* Release */ = {
			isa = XCBuildConfiguration;
			buildSettings = {
			};
			name = Release;
		};
/* End XCBuildConfiguration section */

/* Begin XCConfigurationList section */
		52333C17286F49A100640F28 /* Build configuration list for PBXProject "PeriodTrackerSite" */ = {
			isa = XCConfigurationList;
			buildConfigurations = (
				52333C18286F49A100640F28 /* Debug */,
				52333C19286F49A100640F28 /* Release */,
			);
			defaultConfigurationIsVisible = 0;
			defaultConfigurationName = Release;
		};
/* End XCConfigurationList section */
	};
	rootObject = 52333C14286F49A100640F28 /* Project object */;
}
